PODS:
  - Alamofire (4.9.1)
  - BFPaperButton (2.1.2)
  - Charts (3.4.0):
    - Charts/Core (= 3.4.0)
  - Charts/Core (3.4.0)
  - FirebaseAnalytics (3.9.0):
    - FirebaseCore (~> 3.6)
    - FirebaseInstanceID (~> 1.0)
    - "GoogleToolboxForMac/NSData+zlib (~> 2.1)"
  - FirebaseCore (3.6.0):
    - "GoogleToolboxForMac/NSData+zlib (~> 2.1)"
  - FirebaseInstanceID (1.0.10):
    - FirebaseCore (~> 3.6)
  - Flurry-iOS-SDK/FlurrySDK (10.2.0)
  - Google/Core (3.1.0):
    - FirebaseAnalytics (~> 3.2)
  - Google/SignIn (3.1.0):
    - Google/Core
    - GoogleSignIn (~> 4.0)
  - GoogleAPIClientForREST/Core (1.3.11):
    - GTMSessionFetcher (>= 1.1.7)
  - GoogleAPIClientForREST/Drive (1.3.11):
    - GoogleAPIClientForREST/Core
    - GTMSessionFetcher (>= 1.1.7)
  - GoogleMaps (3.7.0):
    - GoogleMaps/Maps (= 3.7.0)
  - GoogleMaps/Base (3.7.0)
  - GoogleMaps/Maps (3.7.0):
    - GoogleMaps/Base
  - GoogleSignIn (4.4.0):
    - "GoogleToolboxForMac/NSDictionary+URLArguments (~> 2.1)"
    - "GoogleToolboxForMac/NSString+URLArguments (~> 2.1)"
    - GTMSessionFetcher/Core (~> 1.1)
  - GoogleToolboxForMac/DebugUtils (2.2.2):
    - GoogleToolboxForMac/Defines (= 2.2.2)
  - GoogleToolboxForMac/Defines (2.2.2)
  - "GoogleToolboxForMac/NSData+zlib (2.2.2)":
    - GoogleToolboxForMac/Defines (= 2.2.2)
  - "GoogleToolboxForMac/NSDictionary+URLArguments (2.2.2)":
    - GoogleToolboxForMac/DebugUtils (= 2.2.2)
    - GoogleToolboxForMac/Defines (= 2.2.2)
    - "GoogleToolboxForMac/NSString+URLArguments (= 2.2.2)"
  - "GoogleToolboxForMac/NSString+URLArguments (2.2.2)"
  - GTMSessionFetcher (1.3.1):
    - GTMSessionFetcher/Full (= 1.3.1)
  - GTMSessionFetcher/Core (1.3.1)
  - GTMSessionFetcher/Full (1.3.1):
    - GTMSessionFetcher/Core (= 1.3.1)
  - Realm (4.3.1):
    - Realm/Headers (= 4.3.1)
  - Realm/Headers (4.3.1)
  - RealmSwift (4.3.1):
    - Realm (= 4.3.1)

DEPENDENCIES:
  - Alamofire
  - BFPaperButton
  - Charts
  - Flurry-iOS-SDK/FlurrySDK
  - Google/SignIn
  - GoogleAPIClientForREST/Drive
  - GoogleMaps
  - RealmSwift

SPEC REPOS:
  https://github.com/CocoaPods/Specs.git:
    - Alamofire
    - BFPaperButton
    - Charts
    - FirebaseAnalytics
    - FirebaseCore
    - FirebaseInstanceID
    - Flurry-iOS-SDK
    - Google
    - GoogleAPIClientForREST
    - GoogleMaps
    - GoogleSignIn
    - GoogleToolboxForMac
    - GTMSessionFetcher
    - Realm
    - RealmSwift

SPEC CHECKSUMS:
  Alamofire: 85e8a02c69d6020a0d734f6054870d7ecb75cf18
  BFPaperButton: a25fdd3ff6898bdbd5cc9b1334ca36adb0296b9f
  Charts: 74c9f256eaf0460c0c416522d1cf8c634ea6b286
  FirebaseAnalytics: e5fe8486efc01bec33f6bf82e2fa9fce4b124052
  FirebaseCore: 9691ee2ade70c098d7cf92440f4303f16d83ca75
  FirebaseInstanceID: b9eedd6846fb5e1f0f7279e1deaa7a7e4cf8392e
  Flurry-iOS-SDK: ca3540dd9607a05a8a13a7dd36dfffdd5e0fd0ef
  Google: 98da4b1a60ed0beb80a290387a28333406a1eb90
  GoogleAPIClientForREST: 0f19a8280dfe6471f76016645d26eb5dae305101
  GoogleMaps: 55da829c68aa931f3ae982b9e341cc2f3d89c587
  GoogleSignIn: 7ff245e1a7b26d379099d3243a562f5747e23d39
  GoogleToolboxForMac: 800648f8b3127618c1b59c7f97684427630c5ea3
  GTMSessionFetcher: cea130bbfe5a7edc8d06d3f0d17288c32ffe9925
  Realm: 31dc40934081ef740f60feedc46d88473cbfeb40
  RealmSwift: b5199e9a41f67b99f51acf6874a6166f5fbe93d1

PODFILE CHECKSUM: 6f87ef5dabad66e19f5d1be46567610ee8c1ebf7

COCOAPODS: 1.8.4
